Microsoft Visual Studio Solution File, Format Version 12.00
# Visual Studio 2012
Project("{FAE04EC0-301F-11D3-BF4B-00C04F79EFBC}") = "ProjectReaper", "ProjectReaper.csproj", "{71A42F0F-0FDE-4839-BA81-8A8F96B75CF8}"
EndProject
Global
	GlobalSection(SolutionConfigurationPlatforms) = preSolution
	Debug|Any CPU = Debug|Any CPU
	ExportDebug|Any CPU = ExportDebug|Any CPU
	ExportRelease|Any CPU = ExportRelease|Any CPU
	EndGlobalSection
	GlobalSection(ProjectConfigurationPlatforms) = postSolution
		{71A42F0F-0FDE-4839-BA81-8A8F96B75CF8}.Debug|Any CPU.ActiveCfg = Debug|Any CPU
		{71A42F0F-0FDE-4839-BA81-8A8F96B75CF8}.Debug|Any CPU.Build.0 = Debug|Any CPU
		{71A42F0F-0FDE-4839-BA81-8A8F96B75CF8}.ExportDebug|Any CPU.ActiveCfg = ExportDebug|Any CPU
		{71A42F0F-0FDE-4839-BA81-8A8F96B75CF8}.ExportDebug|Any CPU.Build.0 = ExportDebug|Any CPU
		{71A42F0F-0FDE-4839-BA81-8A8F96B75CF8}.ExportRelease|Any CPU.ActiveCfg = ExportRelease|Any CPU
		{71A42F0F-0FDE-4839-BA81-8A8F96B75CF8}.ExportRelease|Any CPU.Build.0 = ExportRelease|Any CPU
	EndGlobalSection
EndGlobal
